// !$*UTF8*$!
{
	archiveVersion = 1;
	classes = {
	};
	objectVersion = 56;
	objects = {

/* Begin PBXBuildFile section */
		8AEDB7EF2BBC764000F946C2 /* AppDelegate.swift in Sources */ = {isa = PBXBuildFile; fileRef = 8AEDB7EE2BBC764000F946C2 /* AppDelegate.swift */; };
		8AEDB7F12BBC764000F946C2 /* SceneDelegate.swift in Sources */ = {isa = PBXBuildFile; fileRef = 8AEDB7F02BBC764000F946C2 /* SceneDelegate.swift */; };
		8AEDB7F32BBC764000F946C2 /* ViewController.swift in Sources */ = {isa = PBXBuildFile; fileRef = 8AEDB7F22BBC764000F946C2 /* ViewController.swift */; };
		8AEDB7F62BBC764000F946C2 /* Main.storyboard in Resources */ = {isa = PBXBuildFile; fileRef = 8AEDB7F42BBC764000F946C2 /* Main.storyboard */; };
		8AEDB7F82BBC764100F946C2 /* Assets.xcassets in Resources */ = {isa = PBXBuildFile; fileRef = 8AEDB7F72BBC764100F946C2 /* Assets.xcassets */; };
		8AEDB7FB2BBC764100F946C2 /* LaunchScreen.storyboard in Resources */ = {isa = PBXBuildFile; fileRef = 8AEDB7F92BBC764100F946C2 /* LaunchScreen.storyboard */; };
		8AEDB8062BBC764100F946C2 /* birthday_note_trackerTests.swift in Sources */ = {isa = PBXBuildFile; fileRef = 8AEDB8052BBC764100F946C2 /* birthday_note_trackerTests.swift */; };
		8AEDB8102BBC764100F946C2 /* birthday_note_trackerUITests.swift in Sources */ = {isa = PBXBuildFile; fileRef = 8AEDB80F2BBC764100F946C2 /* birthday_note_trackerUITests.swift */; };
		8AEDB8122BBC764100F946C2 /* birthday_note_trackerUITestsLaunchTests.swift in Sources */ = {isa = PBXBuildFile; fileRef = 8AEDB8112BBC764100F946C2 /* birthday_note_trackerUITestsLaunchTests.swift */; };
/* End PBXBuildFile section */

/* Begin PBXContainerItemProxy section */
		8AEDB8022BBC764100F946C2 /* PBXContainerItemProxy */ = {
			isa = PBXContainerItemProxy;
			containerPortal = 8AEDB7E32BBC764000F946C2 /* Project object */;
			proxyType = 1;
			remoteGlobalIDString = 8AEDB7EA2BBC764000F946C2;
			remoteInfo = "birthday note tracker";
		};
		8AEDB80C2BBC764100F946C2 /* PBXContainerItemProxy */ = {
			isa = PBXContainerItemProxy;
			containerPortal = 8AEDB7E32BBC764000F946C2 /* Project object */;
			proxyType = 1;
			remoteGlobalIDString = 8AEDB7EA2BBC764000F946C2;
			remoteInfo = "birthday note tracker";
		};
/* End PBXContainerItemProxy section */

/* Begin PBXFileReference section */
		8AEDB7EB2BBC764000F946C2 /* birthday note tracker.app */ = {isa = PBXFileReference; explicitFileType = wrapper.application; includeInIndex = 0; path = "birthday note tracker.app"; sourceTree = BUILT_PRODUCTS_DIR; };
		8AEDB7EE2BBC764000F946C2 /* AppDelegate.swift */ = {isa = PBXFileReference; lastKnownFileType = sourcecode.swift; path = AppDelegate.swift; sourceTree = "<group>"; };
		8AEDB7F02BBC764000F946C2 /* SceneDelegate.swift */ = {isa = PBXFileReference; lastKnownFileType = sourcecode.swift; path = SceneDelegate.swift; sourceTree = "<group>"; };
		8AEDB7F22BBC764000F946C2 /* ViewController.swift */ = {isa = PBXFileReference; lastKnownFileType = sourcecode.swift; path = ViewController.swift; sourceTree = "<group>"; };
		8AEDB7F52BBC764000F946C2 /* Base */ = {isa = PBXFileReference; lastKnownFileType = file.storyboard; name = Base; path = Base.lproj/Main.storyboard; sourceTree = "<group>"; };
		8AEDB7F72BBC764100F946C2 /* Assets.xcassets */ = {isa = PBXFileReference; lastKnownFileType = folder.assetcatalog; path = Assets.xcassets; sourceTree = "<group>"; };
		8AEDB7FA2BBC764100F946C2 /* Base */ = {isa = PBXFileReference; lastKnownFileType = file.storyboard; name = Base; path = Base.lproj/LaunchScreen.storyboard; sourceTree = "<group>"; };
		8AEDB7FC2BBC764100F946C2 /* Info.plist */ = {isa = PBXFileReference; lastKnownFileType = text.plist.xml; path = Info.plist; sourceTree = "<group>"; };
		8AEDB8012BBC764100F946C2 /* birthday note trackerTests.xctest */ = {isa = PBXFileReference; explicitFileType = wrapper.cfbundle; includeInIndex = 0; path = "birthday note trackerTests.xctest"; sourceTree = BUILT_PRODUCTS_DIR; };
		8AEDB8052BBC764100F946C2 /* birthday_note_trackerTests.swift */ = {isa = PBXFileReference; lastKnownFileType = sourcecode.swift; path = birthday_note_trackerTests.swift; sourceTree = "<group>"; };
		8AEDB80B2BBC764100F946C2 /* birthday note trackerUITests.xctest */ = {isa = PBXFileReference; explicitFileType = wrapper.cfbundle; includeInIndex = 0; path = "birthday note trackerUITests.xctest"; sourceTree = BUILT_PRODUCTS_DIR; };
		8AEDB80F2BBC764100F946C2 /* birthday_note_trackerUITests.swift */ = {isa = PBXFileReference; lastKnownFileType = sourcecode.swift; path = birthday_note_trackerUITests.swift; sourceTree = "<group>"; };
		8AEDB8112BBC764100F946C2 /* birthday_note_trackerUITestsLaunchTests.swift */ = {isa = PBXFileReference; lastKnownFileType = sourcecode.swift; path = birthday_note_trackerUITestsLaunchTests.swift; sourceTree = "<group>"; };
/* End PBXFileReference section */

/* Begin PBXFrameworksBuildPhase section */
		8AEDB7E82BBC764000F946C2 /* Frameworks */ = {
			isa = PBXFrameworksBuildPhase;
			buildActionMask = 2147483647;
			files = (
			);
			runOnlyForDeploymentPostprocessing = 0;
		};
		8AEDB7FE2BBC764100F946C2 /* Frameworks */ = {
			isa = PBXFrameworksBuildPhase;
			buildActionMask = 2147483647;
			files = (
			);
			runOnlyForDeploymentPostprocessing = 0;
		};
		8AEDB8082BBC764100F946C2 /* Frameworks */ = {
			isa = PBXFrameworksBuildPhase;
			buildActionMask = 2147483647;
			files = (
			);
			runOnlyForDeploymentPostprocessing = 0;
		};
/* End PBXFrameworksBuildPhase section */

/* Begin PBXGroup section */
		8AEDB7E22BBC764000F946C2 = {
			isa = PBXGroup;
			children = (
				8AEDB7ED2BBC764000F946C2 /* birthday note tracker */,
				8AEDB8042BBC764100F946C2 /* birthday note trackerTests */,
				8AEDB80E2BBC764100F946C2 /* birthday note trackerUITests */,
				8AEDB7EC2BBC764000F946C2 /* Products */,
			);
			sourceTree = "<group>";
		};
		8AEDB7EC2BBC764000F946C2 /* Products */ = {
			isa = PBXGroup;
			children = (
				8AEDB7EB2BBC764000F946C2 /* birthday note tracker.app */,
				8AEDB8012BBC764100F946C2 /* birthday note trackerTests.xctest */,
				8AEDB80B2BBC764100F946C2 /* birthday note trackerUITests.xctest */,
			);
			name = Products;
			sourceTree = "<group>";
		};
		8AEDB7ED2BBC764000F946C2 /* birthday note tracker */ = {
			isa = PBXGroup;
			children = (
				8AEDB7EE2BBC764000F946C2 /* AppDelegate.swift */,
				8AEDB7F02BBC764000F946C2 /* SceneDelegate.swift */,
				8AEDB7F22BBC764000F946C2 /* ViewController.swift */,
				8AEDB7F42BBC764000F946C2 /* Main.storyboard */,
				8AEDB7F72BBC764100F946C2 /* Assets.xcassets */,
				8AEDB7F92BBC764100F946C2 /* LaunchScreen.storyboard */,
				8AEDB7FC2BBC764100F946C2 /* Info.plist */,
			);
			path = "birthday note tracker";
			sourceTree = "<group>";
		};
		8AEDB8042BBC764100F946C2 /* birthday note trackerTests */ = {
			isa = PBXGroup;
			children = (
				8AEDB8052BBC764100F946C2 /* birthday_note_trackerTests.swift */,
			);
			path = "birthday note trackerTests";
			sourceTree = "<group>";
		};
		8AEDB80E2BBC764100F946C2 /* birthday note trackerUITests */ = {
			isa = PBXGroup;
			children = (
				8AEDB80F2BBC764100F946C2 /* birthday_note_trackerUITests.swift */,
				8AEDB8112BBC764100F946C2 /* birthday_note_trackerUITestsLaunchTests.swift */,
			);
			path = "birthday note trackerUITests";
			sourceTree = "<group>";
		};
/* End PBXGroup section */

/* Begin PBXNativeTarget section */
		8AEDB7EA2BBC764000F946C2 /* birthday note tracker */ = {
			isa = PBXNativeTarget;
			buildConfigurationList = 8AEDB8152BBC764100F946C2 /* Build configuration list for PBXNativeTarget "birthday note tracker" */;
			buildPhases = (
				8AEDB7E72BBC764000F946C2 /* Sources */,
				8AEDB7E82BBC764000F946C2 /* Frameworks */,
				8AEDB7E92BBC764000F946C2 /* Resources */,
			);
			buildRules = (
			);
			dependencies = (
			);
			name = "birthday note tracker";
			productName = "birthday note tracker";
			productReference = 8AEDB7EB2BBC764000F946C2 /* birthday note tracker.app */;
			productType = "com.apple.product-type.application";
		};
		8AEDB8002BBC764100F946C2 /* birthday note trackerTests */ = {
			isa = PBXNativeTarget;
			buildConfigurationList = 8AEDB8182BBC764100F946C2 /* Build configuration list for PBXNativeTarget "birthday note trackerTests" */;
			buildPhases = (
				8AEDB7FD2BBC764100F946C2 /* Sources */,
				8AEDB7FE2BBC764100F946C2 /* Frameworks */,
				8AEDB7FF2BBC764100F946C2 /* Resources */,
			);
			buildRules = (
			);
			dependencies = (
				8AEDB8032BBC764100F946C2 /* PBXTargetDependency */,
			);
			name = "birthday note trackerTests";
			productName = "birthday note trackerTests";
			productReference = 8AEDB8012BBC764100F946C2 /* birthday note trackerTests.xctest */;
			productType = "com.apple.product-type.bundle.unit-test";
		};
		8AEDB80A2BBC764100F946C2 /* birthday note trackerUITests */ = {
			isa = PBXNativeTarget;
			buildConfigurationList = 8AEDB81B2BBC764100F946C2 /* Build configuration list for PBXNativeTarget "birthday note trackerUITests" */;
			buildPhases = (
				8AEDB8072BBC764100F946C2 /* Sources */,
				8AEDB8082BBC764100F946C2 /* Frameworks */,
				8AEDB8092BBC764100F946C2 /* Resources */,
			);
			buildRules = (
			);
			dependencies = (
				8AEDB80D2BBC764100F946C2 /* PBXTargetDependency */,
			);
			name = "birthday note trackerUITests";
			productName = "birthday note trackerUITests";
			productReference = 8AEDB80B2BBC764100F946C2 /* birthday note trackerUITests.xctest */;
			productType = "com.apple.product-type.bundle.ui-testing";
		};
/* End PBXNativeTarget section */

/* Begin PBXProject section */
		8AEDB7E32BBC764000F946C2 /* Project object */ = {
			isa = PBXProject;
			attributes = {
				BuildIndependentTargetsInParallel = 1;
				LastSwiftUpdateCheck = 1520;
				LastUpgradeCheck = 1520;
				TargetAttributes = {
					8AEDB7EA2BBC764000F946C2 = {
						CreatedOnToolsVersion = 15.2;
					};
					8AEDB8002BBC764100F946C2 = {
						CreatedOnToolsVersion = 15.2;
						TestTargetID = 8AEDB7EA2BBC764000F946C2;
					};
					8AEDB80A2BBC764100F946C2 = {
						CreatedOnToolsVersion = 15.2;
						TestTargetID = 8AEDB7EA2BBC764000F946C2;
					};
				};
			};
			buildConfigurationList = 8AEDB7E62BBC764000F946C2 /* Build configuration list for PBXProject "birthday note tracker" */;
			compatibilityVersion = "Xcode 14.0";
			developmentRegion = en;
			hasScannedForEncodings = 0;
			knownRegions = (
				en,
				Base,
			);
			mainGroup = 8AEDB7E22BBC764000F946C2;
			productRefGroup = 8AEDB7EC2BBC764000F946C2 /* Products */;
			projectDirPath = "";
			projectRoot = "";
			targets = (
				8AEDB7EA2BBC764000F946C2 /* birthday note tracker */,
				8AEDB8002BBC764100F946C2 /* birthday note trackerTests */,
				8AEDB80A2BBC764100F946C2 /* birthday note trackerUITests */,
			);
		};
/* End PBXProject section */

/* Begin PBXResourcesBuildPhase section */
		8AEDB7E92BBC764000F946C2 /* Resources */ = {
			isa = PBXResourcesBuildPhase;
			buildActionMask = 2147483647;
			files = (
				8AEDB7FB2BBC764100F946C2 /* LaunchScreen.storyboard in Resources */,
				8AEDB7F82BBC764100F946C2 /* Assets.xcassets in Resources */,
				8AEDB7F62BBC764000F946C2 /* Main.storyboard in Resources */,
			);
			runOnlyForDeploymentPostprocessing = 0;
		};
		8AEDB7FF2BBC764100F946C2 /* Resources */ = {
			isa = PBXResourcesBuildPhase;
			buildActionMask = 2147483647;
			files = (
			);
			runOnlyForDeploymentPostprocessing = 0;
		};
		8AEDB8092BBC764100F946C2 /* Resources */ = {
			isa = PBXResourcesBuildPhase;
			buildActionMask = 2147483647;
			files = (
			);
			runOnlyForDeploymentPostprocessing = 0;
		};
/* End PBXResourcesBuildPhase section */

/* Begin PBXSourcesBuildPhase section */
		8AEDB7E72BBC764000F946C2 /* Sources */ = {
			isa = PBXSourcesBuildPhase;
			buildActionMask = 2147483647;
			files = (
				8AEDB7F32BBC764000F946C2 /* ViewController.swift in Sources */,
				8AEDB7EF2BBC764000F946C2 /* AppDelegate.swift in Sources */,
				8AEDB7F12BBC764000F946C2 /* SceneDelegate.swift in Sources */,
			);
			runOnlyForDeploymentPostprocessing = 0;
		};
		8AEDB7FD2BBC764100F946C2 /* Sources */ = {
			isa = PBXSourcesBuildPhase;
			buildActionMask = 2147483647;
			files = (
				8AEDB8062BBC764100F946C2 /* birthday_note_trackerTests.swift in Sources */,
			);
			runOnlyForDeploymentPostprocessing = 0;
		};
		8AEDB8072BBC764100F946C2 /* Sources */ = {
			isa = PBXSourcesBuildPhase;
			buildActionMask = 2147483647;
			files = (
				8AEDB8122BBC764100F946C2 /* birthday_note_trackerUITestsLaunchTests.swift in Sources */,
				8AEDB8102BBC764100F946C2 /* birthday_note_trackerUITests.swift in Sources */,
			);
			runOnlyForDeploymentPostprocessing = 0;
		};
/* End PBXSourcesBuildPhase section */

/* Begin PBXTargetDependency section */
		8AEDB8032BBC764100F946C2 /* PBXTargetDependency */ = {
			isa = PBXTargetDependency;
			target = 8AEDB7EA2BBC764000F946C2 /* birthday note tracker */;
			targetProxy = 8AEDB8022BBC764100F946C2 /* PBXContainerItemProxy */;
		};
		8AEDB80D2BBC764100F946C2 /* PBXTargetDependency */ = {
			isa = PBXTargetDependency;
			target = 8AEDB7EA2BBC764000F946C2 /* birthday note tracker */;
			targetProxy = 8AEDB80C2BBC764100F946C2 /* PBXContainerItemProxy */;
		};
/* End PBXTargetDependency section */

/* Begin PBXVariantGroup section */
		8AEDB7F42BBC764000F946C2 /* Main.storyboard */ = {
			isa = PBXVariantGroup;
			children = (
				8AEDB7F52BBC764000F946C2 /* Base */,
			);
			name = Main.storyboard;
			sourceTree = "<group>";
		};
		8AEDB7F92BBC764100F946C2 /* LaunchScreen.storyboard */ = {
			isa = PBXVariantGroup;
			children = (
				8AEDB7FA2BBC764100F946C2 /* Base */,
			);
			name = LaunchScreen.storyboard;
			sourceTree = "<group>";
		};
/* End PBXVariantGroup section */

/* Begin XCBuildConfiguration section */
		8AEDB8132BBC764100F946C2 /* Debug */ = {
			isa = XCBuildConfiguration;
			buildSettings = {
				ALWAYS_SEARCH_USER_PATHS = NO;
				ASSETCATALOG_COMPILER_GENERATE_SWIFT_ASSET_SYMBOL_EXTENSIONS = YES;
				CLANG_ANALYZER_NONNULL = YES;
				CLANG_ANALYZER_NUMBER_OBJECT_CONVERSION = YES_AGGRESSIVE;
				CLANG_CXX_LANGUAGE_STANDARD = "gnu++20";
				CLANG_ENABLE_MODULES = YES;
				CLANG_ENABLE_OBJC_ARC = YES;
				CLANG_ENABLE_OBJC_WEAK = YES;
				CLANG_WARN_BLOCK_CAPTURE_AUTORELEASING = YES;
				CLANG_WARN_BOOL_CONVERSION = YES;
				CLANG_WARN_COMMA = YES;
				CLANG_WARN_CONSTANT_CONVERSION = YES;
				CLANG_WARN_DEPRECATED_OBJC_IMPLEMENTATIONS = YES;
				CLANG_WARN_DIRECT_OBJC_ISA_USAGE = YES_ERROR;
				CLANG_WARN_DOCUMENTATION_COMMENTS = YES;
				CLANG_WARN_EMPTY_BODY = YES;
				CLANG_WARN_ENUM_CONVERSION = YES;
				CLANG_WARN_INFINITE_RECURSION = YES;
				CLANG_WARN_INT_CONVERSION = YES;
				CLANG_WARN_NON_LITERAL_NULL_CONVERSION = YES;
				CLANG_WARN_OBJC_IMPLICIT_RETAIN_SELF = YES;
				CLANG_WARN_OBJC_LITERAL_CONVERSION = YES;
				CLANG_WARN_OBJC_ROOT_CLASS = YES_ERROR;
				CLANG_WARN_QUOTED_INCLUDE_IN_FRAMEWORK_HEADER = YES;
				CLANG_WARN_RANGE_LOOP_ANALYSIS = YES;
				CLANG_WARN_STRICT_PROTOTYPES = YES;
				CLANG_WARN_SUSPICIOUS_MOVE = YES;
				CLANG_WARN_UNGUARDED_AVAILABILITY = YES_AGGRESSIVE;
				CLANG_WARN_UNREACHABLE_CODE = YES;
				CLANG_WARN__DUPLICATE_METHOD_MATCH = YES;
				COPY_PHASE_STRIP = NO;
				DEBUG_INFORMATION_FORMAT = dwarf;
				ENABLE_STRICT_OBJC_MSGSEND = YES;
				ENABLE_TESTABILITY = YES;
				ENABLE_USER_SCRIPT_SANDBOXING = YES;
				GCC_C_LANGUAGE_STANDARD = gnu17;
				GCC_DYNAMIC_NO_PIC = NO;
				GCC_NO_COMMON_BLOCKS = YES;
				GCC_OPTIMIZATION_LEVEL = 0;
				GCC_PREPROCESSOR_DEFINITIONS = (
					"DEBUG=1",
					"$(inherited)",
				);
				GCC_WARN_64_TO_32_BIT_CONVERSION = YES;
				GCC_WARN_ABOUT_RETURN_TYPE = YES_ERROR;
				GCC_WARN_UNDECLARED_SELECTOR = YES;
				GCC_WARN_UNINITIALIZED_AUTOS = YES_AGGRESSIVE;
				GCC_WARN_UNUSED_FUNCTION = YES;
				GCC_WARN_UNUSED_VARIABLE = YES;
				IPHONEOS_DEPLOYMENT_TARGET = 17.2;
				LOCALIZATION_PREFERS_STRING_CATALOGS = YES;
				MTL_ENABLE_DEBUG_INFO = INCLUDE_SOURCE;
				MTL_FAST_MATH = YES;
				ONLY_ACTIVE_ARCH = YES;
				SDKROOT = iphoneos;
				SWIFT_ACTIVE_COMPILATION_CONDITIONS = "DEBUG $(inherited)";
				SWIFT_OPTIMIZATION_LEVEL = "-Onone";
			};
			name = Debug;
		};
		8AEDB8142BBC764100F946C2 /* Release */ = {
			isa = XCBuildConfiguration;
			buildSettings = {
				ALWAYS_SEARCH_USER_PATHS = NO;
				ASSETCATALOG_COMPILER_GENERATE_SWIFT_ASSET_SYMBOL_EXTENSIONS = YES;
				CLANG_ANALYZER_NONNULL = YES;
				CLANG_ANALYZER_NUMBER_OBJECT_CONVERSION = YES_AGGRESSIVE;
				CLANG_CXX_LANGUAGE_STANDARD = "gnu++20";
				CLANG_ENABLE_MODULES = YES;
				CLANG_ENABLE_OBJC_ARC = YES;
				CLANG_ENABLE_OBJC_WEAK = YES;
				CLANG_WARN_BLOCK_CAPTURE_AUTORELEASING = YES;
				CLANG_WARN_BOOL_CONVERSION = YES;
				CLANG_WARN_COMMA = YES;
				CLANG_WARN_CONSTANT_CONVERSION = YES;
				CLANG_WARN_DEPRECATED_OBJC_IMPLEMENTATIONS = YES;
				CLANG_WARN_DIRECT_OBJC_ISA_USAGE = YES_ERROR;
				CLANG_WARN_DOCUMENTATION_COMMENTS = YES;
				CLANG_WARN_EMPTY_BODY = YES;
				CLANG_WARN_ENUM_CONVERSION = YES;
				CLANG_WARN_INFINITE_RECURSION = YES;
				CLANG_WARN_INT_CONVERSION = YES;
				CLANG_WARN_NON_LITERAL_NULL_CONVERSION = YES;
				CLANG_WARN_OBJC_IMPLICIT_RETAIN_SELF = YES;
				CLANG_WARN_OBJC_LITERAL_CONVERSION = YES;
				CLANG_WARN_OBJC_ROOT_CLASS = YES_ERROR;
				CLANG_WARN_QUOTED_INCLUDE_IN_FRAMEWORK_HEADER = YES;
				CLANG_WARN_RANGE_LOOP_ANALYSIS = YES;
				CLANG_WARN_STRICT_PROTOTYPES = YES;
				CLANG_WARN_SUSPICIOUS_MOVE = YES;
				CLANG_WARN_UNGUARDED_AVAILABILITY = YES_AGGRESSIVE;
				CLANG_WARN_UNREACHABLE_CODE = YES;
				CLANG_WARN__DUPLICATE_METHOD_MATCH = YES;
				COPY_PHASE_STRIP = NO;
				DEBUG_INFORMATION_FORMAT = "dwarf-with-dsym";
				ENABLE_NS_ASSERTIONS = NO;
				ENABLE_STRICT_OBJC_MSGSEND = YES;
				ENABLE_USER_SCRIPT_SANDBOXING = YES;
				GCC_C_LANGUAGE_STANDARD = gnu17;
				GCC_NO_COMMON_BLOCKS = YES;
				GCC_WARN_64_TO_32_BIT_CONVERSION = YES;
				GCC_WARN_ABOUT_RETURN_TYPE = YES_ERROR;
				GCC_WARN_UNDECLARED_SELECTOR = YES;
				GCC_WARN_UNINITIALIZED_AUTOS = YES_AGGRESSIVE;
				GCC_WARN_UNUSED_FUNCTION = YES;
				GCC_WARN_UNUSED_VARIABLE = YES;
				IPHONEOS_DEPLOYMENT_TARGET = 17.2;
				LOCALIZATION_PREFERS_STRING_CATALOGS = YES;
				MTL_ENABLE_DEBUG_INFO = NO;
				MTL_FAST_MATH = YES;
				SDKROOT = iphoneos;
				SWIFT_COMPILATION_MODE = wholemodule;
				VALIDATE_PRODUCT = YES;
			};
			name = Release;
		};
		8AEDB8162BBC764100F946C2 /* Debug */ = {
			isa = XCBuildConfiguration;
			buildSettings = {
				ASSETCATALOG_COMPILER_APPICON_NAME = AppIcon;
				ASSETCATALOG_COMPILER_GLOBAL_ACCENT_COLOR_NAME = AccentColor;
				CODE_SIGN_STYLE = Automatic;
				CURRENT_PROJECT_VERSION = 1;
				GENERATE_INFOPLIST_FILE = YES;
				INFOPLIST_FILE = "birthday note tracker/Info.plist";
				INFOPLIST_KEY_UIApplicationSupportsIndirectInputEvents = YES;
				INFOPLIST_KEY_UILaunchStoryboardName = LaunchScreen;
				INFOPLIST_KEY_UIMainStoryboardFile = Main;
				INFOPLIST_KEY_UISupportedInterfaceOrientations_iPad = "UIInterfaceOrientationPortrait UIInterfaceOrientationPortraitUpsideDown UIInterfaceOrientationLandscapeLeft UIInterfaceOrientationLandscapeRight";
				INFOPLIST_KEY_UISupportedInterfaceOrientations_iPhone = "UIInterfaceOrientationPortrait UIInterfaceOrientationLandscapeLeft UIInterfaceOrientationLandscapeRight";
				LD_RUNPATH_SEARCH_PATHS = (
					"$(inherited)",
					"@executable_path/Frameworks",
				);
				MARKETING_VERSION = 1.0;
				PRODUCT_BUNDLE_IDENTIFIER = "SaxoBanana-inc.birthday-note-tracker";
				PRODUCT_NAME = "$(TARGET_NAME)";
				SWIFT_EMIT_LOC_STRINGS = YES;
				SWIFT_VERSION = 5.0;
				TARGETED_DEVICE_FAMILY = "1,2";
			};
			name = Debug;
		};
		8AEDB8172BBC764100F946C2 /* Release */ = {
			isa = XCBuildConfiguration;
			buildSettings = {
				ASSETCATALOG_COMPILER_APPICON_NAME = AppIcon;
				ASSETCATALOG_COMPILER_GLOBAL_ACCENT_COLOR_NAME = AccentColor;
				CODE_SIGN_STYLE = Automatic;
				CURRENT_PROJECT_VERSION = 1;
				GENERATE_INFOPLIST_FILE = YES;
				INFOPLIST_FILE = "birthday note tracker/Info.plist";
				INFOPLIST_KEY_UIApplicationSupportsIndirectInputEvents = YES;
				INFOPLIST_KEY_UILaunchStoryboardName = LaunchScreen;
				INFOPLIST_KEY_UIMainStoryboardFile = Main;
				INFOPLIST_KEY_UISupportedInterfaceOrientations_iPad = "UIInterfaceOrientationPortrait UIInterfaceOrientationPortraitUpsideDown UIInterfaceOrientationLandscapeLeft UIInterfaceOrientationLandscapeRight";
				INFOPLIST_KEY_UISupportedInterfaceOrientations_iPhone = "UIInterfaceOrientationPortrait UIInterfaceOrientationLandscapeLeft UIInterfaceOrientationLandscapeRight";
				LD_RUNPATH_SEARCH_PATHS = (
					"$(inherited)",
					"@executable_path/Frameworks",
				);
				MARKETING_VERSION = 1.0;
				PRODUCT_BUNDLE_IDENTIFIER = "SaxoBanana-inc.birthday-note-tracker";
				PRODUCT_NAME = "$(TARGET_NAME)";
				SWIFT_EMIT_LOC_STRINGS = YES;
				SWIFT_VERSION = 5.0;
				TARGETED_DEVICE_FAMILY = "1,2";
			};
			name = Release;
		};
		8AEDB8192BBC764100F946C2 /* Debug */ = {
			isa = XCBuildConfiguration;
			buildSettings = {
				ALWAYS_EMBED_SWIFT_STANDARD_LIBRARIES = YES;
				BUNDLE_LOADER = "$(TEST_HOST)";
				CODE_SIGN_STYLE = Automatic;
				CURRENT_PROJECT_VERSION = 1;
				GENERATE_INFOPLIST_FILE = YES;
				IPHONEOS_DEPLOYMENT_TARGET = 17.2;
				MARKETING_VERSION = 1.0;
				PRODUCT_BUNDLE_IDENTIFIER = "SaxoBanana-inc.birthday-note-trackerTests";
				PRODUCT_NAME = "$(TARGET_NAME)";
				SWIFT_EMIT_LOC_STRINGS = NO;
				SWIFT_VERSION = 5.0;
				TARGETED_DEVICE_FAMILY = "1,2";
				TEST_HOST = "$(BUILT_PRODUCTS_DIR)/birthday note tracker.app/$(BUNDLE_EXECUTABLE_FOLDER_PATH)/birthday note tracker";
			};
			name = Debug;
		};
		8AEDB81A2BBC764100F946C2 /* Release */ = {
			isa = XCBuildConfiguration;
			buildSettings = {
				ALWAYS_EMBED_SWIFT_STANDARD_LIBRARIES = YES;
				BUNDLE_LOADER = "$(TEST_HOST)";
				CODE_SIGN_STYLE = Automatic;
				CURRENT_PROJECT_VERSION = 1;
				GENERATE_INFOPLIST_FILE = YES;
				IPHONEOS_DEPLOYMENT_TARGET = 17.2;
				MARKETING_VERSION = 1.0;
				PRODUCT_BUNDLE_IDENTIFIER = "SaxoBanana-inc.birthday-note-trackerTests";
				PRODUCT_NAME = "$(TARGET_NAME)";
				SWIFT_EMIT_LOC_STRINGS = NO;
				SWIFT_VERSION = 5.0;
				TARGETED_DEVICE_FAMILY = "1,2";
				TEST_HOST = "$(BUILT_PRODUCTS_DIR)/birthday note tracker.app/$(BUNDLE_EXECUTABLE_FOLDER_PATH)/birthday note tracker";
			};
			name = Release;
		};
		8AEDB81C2BBC764100F946C2 /* Debug */ = {
			isa = XCBuildConfiguration;
			buildSettings = {
				ALWAYS_EMBED_SWIFT_STANDARD_LIBRARIES = YES;
				CODE_SIGN_STYLE = Automatic;
				CURRENT_PROJECT_VERSION = 1;
				GENERATE_INFOPLIST_FILE = YES;
				MARKETING_VERSION = 1.0;
				PRODUCT_BUNDLE_IDENTIFIER = "SaxoBanana-inc.birthday-note-trackerUITests";
				PRODUCT_NAME = "$(TARGET_NAME)";
				SWIFT_EMIT_LOC_STRINGS = NO;
				SWIFT_VERSION = 5.0;
				TARGETED_DEVICE_FAMILY = "1,2";
				TEST_TARGET_NAME = "birthday note tracker";
			};
			name = Debug;
		};
		8AEDB81D2BBC764100F946C2 /* Release */ = {
			isa = XCBuildConfiguration;
			buildSettings = {
				ALWAYS_EMBED_SWIFT_STANDARD_LIBRARIES = YES;
				CODE_SIGN_STYLE = Automatic;
				CURRENT_PROJECT_VERSION = 1;
				GENERATE_INFOPLIST_FILE = YES;
				MARKETING_VERSION = 1.0;
				PRODUCT_BUNDLE_IDENTIFIER = "SaxoBanana-inc.birthday-note-trackerUITests";
				PRODUCT_NAME = "$(TARGET_NAME)";
				SWIFT_EMIT_LOC_STRINGS = NO;
				SWIFT_VERSION = 5.0;
				TARGETED_DEVICE_FAMILY = "1,2";
				TEST_TARGET_NAME = "birthday note tracker";
			};
			name = Release;
		};
/* End XCBuildConfiguration section */

/* Begin XCConfigurationList section */
		8AEDB7E62BBC764000F946C2 /* Build configuration list for PBXProject "birthday note tracker" */ = {
			isa = XCConfigurationList;
			buildConfigurations = (
				8AEDB8132BBC764100F946C2 /* Debug */,
				8AEDB8142BBC764100F946C2 /* Release */,
			);
			defaultConfigurationIsVisible = 0;
			defaultConfigurationName = Release;
		};
		8AEDB8152BBC764100F946C2 /* Build configuration list for PBXNativeTarget "birthday note tracker" */ = {
			isa = XCConfigurationList;
			buildConfigurations = (
				8AEDB8162BBC764100F946C2 /* Debug */,
				8AEDB8172BBC764100F946C2 /* Release */,
			);
			defaultConfigurationIsVisible = 0;
			defaultConfigurationName = Release;
		};
		8AEDB8182BBC764100F946C2 /* Build configuration list for PBXNativeTarget "birthday note trackerTests" */ = {
			isa = XCConfigurationList;
			buildConfigurations = (
				8AEDB8192BBC764100F946C2 /* Debug */,
				8AEDB81A2BBC764100F946C2 /* Release */,
			);
			defaultConfigurationIsVisible = 0;
			defaultConfigurationName = Release;
		};
		8AEDB81B2BBC764100F946C2 /* Build configuration list for PBXNativeTarget "birthday note trackerUITests" */ = {
			isa = XCConfigurationList;
			buildConfigurations = (
				8AEDB81C2BBC764100F946C2 /* Debug */,
				8AEDB81D2BBC764100F946C2 /* Release */,
			);
			defaultConfigurationIsVisible = 0;
			defaultConfigurationName = Release;
		};
/* End XCConfigurationList section */
	};
	rootObject = 8AEDB7E32BBC764000F946C2 /* Project object */;
}
