// !$*UTF8*$!
{
	archiveVersion = 1;
	classes = {
	};
	objectVersion = 56;
	objects = {

/* Begin PBXBuildFile section */
		8AE83A2E2BC5A5CD0054E3D7 /* AppDelegate.swift in Sources */ = {isa = PBXBuildFile; fileRef = 8AE83A2D2BC5A5CD0054E3D7 /* AppDelegate.swift */; };
		8AE83A302BC5A5CD0054E3D7 /* SceneDelegate.swift in Sources */ = {isa = PBXBuildFile; fileRef = 8AE83A2F2BC5A5CD0054E3D7 /* SceneDelegate.swift */; };
		8AE83A322BC5A5CD0054E3D7 /* ViewController.swift in Sources */ = {isa = PBXBuildFile; fileRef = 8AE83A312BC5A5CD0054E3D7 /* ViewController.swift */; };
		8AE83A352BC5A5CD0054E3D7 /* Main.storyboard in Resources */ = {isa = PBXBuildFile; fileRef = 8AE83A332BC5A5CD0054E3D7 /* Main.storyboard */; };
		8AE83A372BC5A5CE0054E3D7 /* Assets.xcassets in Resources */ = {isa = PBXBuildFile; fileRef = 8AE83A362BC5A5CE0054E3D7 /* Assets.xcassets */; };
		8AE83A3A2BC5A5CE0054E3D7 /* LaunchScreen.storyboard in Resources */ = {isa = PBXBuildFile; fileRef = 8AE83A382BC5A5CE0054E3D7 /* LaunchScreen.storyboard */; };
		8AE83A452BC5A5CE0054E3D7 /* catch_the_kennyTests.swift in Sources */ = {isa = PBXBuildFile; fileRef = 8AE83A442BC5A5CE0054E3D7 /* catch_the_kennyTests.swift */; };
		8AE83A4F2BC5A5CE0054E3D7 /* catch_the_kennyUITests.swift in Sources */ = {isa = PBXBuildFile; fileRef = 8AE83A4E2BC5A5CE0054E3D7 /* catch_the_kennyUITests.swift */; };
		8AE83A512BC5A5CE0054E3D7 /* catch_the_kennyUITestsLaunchTests.swift in Sources */ = {isa = PBXBuildFile; fileRef = 8AE83A502BC5A5CE0054E3D7 /* catch_the_kennyUITestsLaunchTests.swift */; };
/* End PBXBuildFile section */

/* Begin PBXContainerItemProxy section */
		8AE83A412BC5A5CE0054E3D7 /* PBXContainerItemProxy */ = {
			isa = PBXContainerItemProxy;
			containerPortal = 8AE83A222BC5A5CD0054E3D7 /* Project object */;
			proxyType = 1;
			remoteGlobalIDString = 8AE83A292BC5A5CD0054E3D7;
			remoteInfo = "catch-the-kenny";
		};
		8AE83A4B2BC5A5CE0054E3D7 /* PBXContainerItemProxy */ = {
			isa = PBXContainerItemProxy;
			containerPortal = 8AE83A222BC5A5CD0054E3D7 /* Project object */;
			proxyType = 1;
			remoteGlobalIDString = 8AE83A292BC5A5CD0054E3D7;
			remoteInfo = "catch-the-kenny";
		};
/* End PBXContainerItemProxy section */

/* Begin PBXFileReference section */
		8AE83A2A2BC5A5CD0054E3D7 /* catch-the-kenny.app */ = {isa = PBXFileReference; explicitFileType = wrapper.application; includeInIndex = 0; path = "catch-the-kenny.app"; sourceTree = BUILT_PRODUCTS_DIR; };
		8AE83A2D2BC5A5CD0054E3D7 /* AppDelegate.swift */ = {isa = PBXFileReference; lastKnownFileType = sourcecode.swift; path = AppDelegate.swift; sourceTree = "<group>"; };
		8AE83A2F2BC5A5CD0054E3D7 /* SceneDelegate.swift */ = {isa = PBXFileReference; lastKnownFileType = sourcecode.swift; path = SceneDelegate.swift; sourceTree = "<group>"; };
		8AE83A312BC5A5CD0054E3D7 /* ViewController.swift */ = {isa = PBXFileReference; lastKnownFileType = sourcecode.swift; path = ViewController.swift; sourceTree = "<group>"; };
		8AE83A342BC5A5CD0054E3D7 /* Base */ = {isa = PBXFileReference; lastKnownFileType = file.storyboard; name = Base; path = Base.lproj/Main.storyboard; sourceTree = "<group>"; };
		8AE83A362BC5A5CE0054E3D7 /* Assets.xcassets */ = {isa = PBXFileReference; lastKnownFileType = folder.assetcatalog; path = Assets.xcassets; sourceTree = "<group>"; };
		8AE83A392BC5A5CE0054E3D7 /* Base */ = {isa = PBXFileReference; lastKnownFileType = file.storyboard; name = Base; path = Base.lproj/LaunchScreen.storyboard; sourceTree = "<group>"; };
		8AE83A3B2BC5A5CE0054E3D7 /* Info.plist */ = {isa = PBXFileReference; lastKnownFileType = text.plist.xml; path = Info.plist; sourceTree = "<group>"; };
		8AE83A402BC5A5CE0054E3D7 /* catch-the-kennyTests.xctest */ = {isa = PBXFileReference; explicitFileType = wrapper.cfbundle; includeInIndex = 0; path = "catch-the-kennyTests.xctest"; sourceTree = BUILT_PRODUCTS_DIR; };
		8AE83A442BC5A5CE0054E3D7 /* catch_the_kennyTests.swift */ = {isa = PBXFileReference; lastKnownFileType = sourcecode.swift; path = catch_the_kennyTests.swift; sourceTree = "<group>"; };
		8AE83A4A2BC5A5CE0054E3D7 /* catch-the-kennyUITests.xctest */ = {isa = PBXFileReference; explicitFileType = wrapper.cfbundle; includeInIndex = 0; path = "catch-the-kennyUITests.xctest"; sourceTree = BUILT_PRODUCTS_DIR; };
		8AE83A4E2BC5A5CE0054E3D7 /* catch_the_kennyUITests.swift */ = {isa = PBXFileReference; lastKnownFileType = sourcecode.swift; path = catch_the_kennyUITests.swift; sourceTree = "<group>"; };
		8AE83A502BC5A5CE0054E3D7 /* catch_the_kennyUITestsLaunchTests.swift */ = {isa = PBXFileReference; lastKnownFileType = sourcecode.swift; path = catch_the_kennyUITestsLaunchTests.swift; sourceTree = "<group>"; };
/* End PBXFileReference section */

/* Begin PBXFrameworksBuildPhase section */
		8AE83A272BC5A5CD0054E3D7 /* Frameworks */ = {
			isa = PBXFrameworksBuildPhase;
			buildActionMask = 2147483647;
			files = (
			);
			runOnlyForDeploymentPostprocessing = 0;
		};
		8AE83A3D2BC5A5CE0054E3D7 /* Frameworks */ = {
			isa = PBXFrameworksBuildPhase;
			buildActionMask = 2147483647;
			files = (
			);
			runOnlyForDeploymentPostprocessing = 0;
		};
		8AE83A472BC5A5CE0054E3D7 /* Frameworks */ = {
			isa = PBXFrameworksBuildPhase;
			buildActionMask = 2147483647;
			files = (
			);
			runOnlyForDeploymentPostprocessing = 0;
		};
/* End PBXFrameworksBuildPhase section */

/* Begin PBXGroup section */
		8AE83A212BC5A5CD0054E3D7 = {
			isa = PBXGroup;
			children = (
				8AE83A2C2BC5A5CD0054E3D7 /* catch-the-kenny */,
				8AE83A432BC5A5CE0054E3D7 /* catch-the-kennyTests */,
				8AE83A4D2BC5A5CE0054E3D7 /* catch-the-kennyUITests */,
				8AE83A2B2BC5A5CD0054E3D7 /* Products */,
			);
			sourceTree = "<group>";
		};
		8AE83A2B2BC5A5CD0054E3D7 /* Products */ = {
			isa = PBXGroup;
			children = (
				8AE83A2A2BC5A5CD0054E3D7 /* catch-the-kenny.app */,
				8AE83A402BC5A5CE0054E3D7 /* catch-the-kennyTests.xctest */,
				8AE83A4A2BC5A5CE0054E3D7 /* catch-the-kennyUITests.xctest */,
			);
			name = Products;
			sourceTree = "<group>";
		};
		8AE83A2C2BC5A5CD0054E3D7 /* catch-the-kenny */ = {
			isa = PBXGroup;
			children = (
				8AE83A2D2BC5A5CD0054E3D7 /* AppDelegate.swift */,
				8AE83A2F2BC5A5CD0054E3D7 /* SceneDelegate.swift */,
				8AE83A312BC5A5CD0054E3D7 /* ViewController.swift */,
				8AE83A332BC5A5CD0054E3D7 /* Main.storyboard */,
				8AE83A362BC5A5CE0054E3D7 /* Assets.xcassets */,
				8AE83A382BC5A5CE0054E3D7 /* LaunchScreen.storyboard */,
				8AE83A3B2BC5A5CE0054E3D7 /* Info.plist */,
			);
			path = "catch-the-kenny";
			sourceTree = "<group>";
		};
		8AE83A432BC5A5CE0054E3D7 /* catch-the-kennyTests */ = {
			isa = PBXGroup;
			children = (
				8AE83A442BC5A5CE0054E3D7 /* catch_the_kennyTests.swift */,
			);
			path = "catch-the-kennyTests";
			sourceTree = "<group>";
		};
		8AE83A4D2BC5A5CE0054E3D7 /* catch-the-kennyUITests */ = {
			isa = PBXGroup;
			children = (
				8AE83A4E2BC5A5CE0054E3D7 /* catch_the_kennyUITests.swift */,
				8AE83A502BC5A5CE0054E3D7 /* catch_the_kennyUITestsLaunchTests.swift */,
			);
			path = "catch-the-kennyUITests";
			sourceTree = "<group>";
		};
/* End PBXGroup section */

/* Begin PBXNativeTarget section */
		8AE83A292BC5A5CD0054E3D7 /* catch-the-kenny */ = {
			isa = PBXNativeTarget;
			buildConfigurationList = 8AE83A542BC5A5CE0054E3D7 /* Build configuration list for PBXNativeTarget "catch-the-kenny" */;
			buildPhases = (
				8AE83A262BC5A5CD0054E3D7 /* Sources */,
				8AE83A272BC5A5CD0054E3D7 /* Frameworks */,
				8AE83A282BC5A5CD0054E3D7 /* Resources */,
			);
			buildRules = (
			);
			dependencies = (
			);
			name = "catch-the-kenny";
			productName = "catch-the-kenny";
			productReference = 8AE83A2A2BC5A5CD0054E3D7 /* catch-the-kenny.app */;
			productType = "com.apple.product-type.application";
		};
		8AE83A3F2BC5A5CE0054E3D7 /* catch-the-kennyTests */ = {
			isa = PBXNativeTarget;
			buildConfigurationList = 8AE83A572BC5A5CE0054E3D7 /* Build configuration list for PBXNativeTarget "catch-the-kennyTests" */;
			buildPhases = (
				8AE83A3C2BC5A5CE0054E3D7 /* Sources */,
				8AE83A3D2BC5A5CE0054E3D7 /* Frameworks */,
				8AE83A3E2BC5A5CE0054E3D7 /* Resources */,
			);
			buildRules = (
			);
			dependencies = (
				8AE83A422BC5A5CE0054E3D7 /* PBXTargetDependency */,
			);
			name = "catch-the-kennyTests";
			productName = "catch-the-kennyTests";
			productReference = 8AE83A402BC5A5CE0054E3D7 /* catch-the-kennyTests.xctest */;
			productType = "com.apple.product-type.bundle.unit-test";
		};
		8AE83A492BC5A5CE0054E3D7 /* catch-the-kennyUITests */ = {
			isa = PBXNativeTarget;
			buildConfigurationList = 8AE83A5A2BC5A5CE0054E3D7 /* Build configuration list for PBXNativeTarget "catch-the-kennyUITests" */;
			buildPhases = (
				8AE83A462BC5A5CE0054E3D7 /* Sources */,
				8AE83A472BC5A5CE0054E3D7 /* Frameworks */,
				8AE83A482BC5A5CE0054E3D7 /* Resources */,
			);
			buildRules = (
			);
			dependencies = (
				8AE83A4C2BC5A5CE0054E3D7 /* PBXTargetDependency */,
			);
			name = "catch-the-kennyUITests";
			productName = "catch-the-kennyUITests";
			productReference = 8AE83A4A2BC5A5CE0054E3D7 /* catch-the-kennyUITests.xctest */;
			productType = "com.apple.product-type.bundle.ui-testing";
		};
/* End PBXNativeTarget section */

/* Begin PBXProject section */
		8AE83A222BC5A5CD0054E3D7 /* Project object */ = {
			isa = PBXProject;
			attributes = {
				BuildIndependentTargetsInParallel = 1;
				LastSwiftUpdateCheck = 1520;
				LastUpgradeCheck = 1520;
				TargetAttributes = {
					8AE83A292BC5A5CD0054E3D7 = {
						CreatedOnToolsVersion = 15.2;
					};
					8AE83A3F2BC5A5CE0054E3D7 = {
						CreatedOnToolsVersion = 15.2;
						TestTargetID = 8AE83A292BC5A5CD0054E3D7;
					};
					8AE83A492BC5A5CE0054E3D7 = {
						CreatedOnToolsVersion = 15.2;
						TestTargetID = 8AE83A292BC5A5CD0054E3D7;
					};
				};
			};
			buildConfigurationList = 8AE83A252BC5A5CD0054E3D7 /* Build configuration list for PBXProject "catch-the-kenny" */;
			compatibilityVersion = "Xcode 14.0";
			developmentRegion = en;
			hasScannedForEncodings = 0;
			knownRegions = (
				en,
				Base,
			);
			mainGroup = 8AE83A212BC5A5CD0054E3D7;
			productRefGroup = 8AE83A2B2BC5A5CD0054E3D7 /* Products */;
			projectDirPath = "";
			projectRoot = "";
			targets = (
				8AE83A292BC5A5CD0054E3D7 /* catch-the-kenny */,
				8AE83A3F2BC5A5CE0054E3D7 /* catch-the-kennyTests */,
				8AE83A492BC5A5CE0054E3D7 /* catch-the-kennyUITests */,
			);
		};
/* End PBXProject section */

/* Begin PBXResourcesBuildPhase section */
		8AE83A282BC5A5CD0054E3D7 /* Resources */ = {
			isa = PBXResourcesBuildPhase;
			buildActionMask = 2147483647;
			files = (
				8AE83A3A2BC5A5CE0054E3D7 /* LaunchScreen.storyboard in Resources */,
				8AE83A372BC5A5CE0054E3D7 /* Assets.xcassets in Resources */,
				8AE83A352BC5A5CD0054E3D7 /* Main.storyboard in Resources */,
			);
			runOnlyForDeploymentPostprocessing = 0;
		};
		8AE83A3E2BC5A5CE0054E3D7 /* Resources */ = {
			isa = PBXResourcesBuildPhase;
			buildActionMask = 2147483647;
			files = (
			);
			runOnlyForDeploymentPostprocessing = 0;
		};
		8AE83A482BC5A5CE0054E3D7 /* Resources */ = {
			isa = PBXResourcesBuildPhase;
			buildActionMask = 2147483647;
			files = (
			);
			runOnlyForDeploymentPostprocessing = 0;
		};
/* End PBXResourcesBuildPhase section */

/* Begin PBXSourcesBuildPhase section */
		8AE83A262BC5A5CD0054E3D7 /* Sources */ = {
			isa = PBXSourcesBuildPhase;
			buildActionMask = 2147483647;
			files = (
				8AE83A322BC5A5CD0054E3D7 /* ViewController.swift in Sources */,
				8AE83A2E2BC5A5CD0054E3D7 /* AppDelegate.swift in Sources */,
				8AE83A302BC5A5CD0054E3D7 /* SceneDelegate.swift in Sources */,
			);
			runOnlyForDeploymentPostprocessing = 0;
		};
		8AE83A3C2BC5A5CE0054E3D7 /* Sources */ = {
			isa = PBXSourcesBuildPhase;
			buildActionMask = 2147483647;
			files = (
				8AE83A452BC5A5CE0054E3D7 /* catch_the_kennyTests.swift in Sources */,
			);
			runOnlyForDeploymentPostprocessing = 0;
		};
		8AE83A462BC5A5CE0054E3D7 /* Sources */ = {
			isa = PBXSourcesBuildPhase;
			buildActionMask = 2147483647;
			files = (
				8AE83A512BC5A5CE0054E3D7 /* catch_the_kennyUITestsLaunchTests.swift in Sources */,
				8AE83A4F2BC5A5CE0054E3D7 /* catch_the_kennyUITests.swift in Sources */,
			);
			runOnlyForDeploymentPostprocessing = 0;
		};
/* End PBXSourcesBuildPhase section */

/* Begin PBXTargetDependency section */
		8AE83A422BC5A5CE0054E3D7 /* PBXTargetDependency */ = {
			isa = PBXTargetDependency;
			target = 8AE83A292BC5A5CD0054E3D7 /* catch-the-kenny */;
			targetProxy = 8AE83A412BC5A5CE0054E3D7 /* PBXContainerItemProxy */;
		};
		8AE83A4C2BC5A5CE0054E3D7 /* PBXTargetDependency */ = {
			isa = PBXTargetDependency;
			target = 8AE83A292BC5A5CD0054E3D7 /* catch-the-kenny */;
			targetProxy = 8AE83A4B2BC5A5CE0054E3D7 /* PBXContainerItemProxy */;
		};
/* End PBXTargetDependency section */

/* Begin PBXVariantGroup section */
		8AE83A332BC5A5CD0054E3D7 /* Main.storyboard */ = {
			isa = PBXVariantGroup;
			children = (
				8AE83A342BC5A5CD0054E3D7 /* Base */,
			);
			name = Main.storyboard;
			sourceTree = "<group>";
		};
		8AE83A382BC5A5CE0054E3D7 /* LaunchScreen.storyboard */ = {
			isa = PBXVariantGroup;
			children = (
				8AE83A392BC5A5CE0054E3D7 /* Base */,
			);
			name = LaunchScreen.storyboard;
			sourceTree = "<group>";
		};
/* End PBXVariantGroup section */

/* Begin XCBuildConfiguration section */
		8AE83A522BC5A5CE0054E3D7 /* Debug */ = {
			isa = XCBuildConfiguration;
			buildSettings = {
				ALWAYS_SEARCH_USER_PATHS = NO;
				ASSETCATALOG_COMPILER_GENERATE_SWIFT_ASSET_SYMBOL_EXTENSIONS = YES;
				CLANG_ANALYZER_NONNULL = YES;
				CLANG_ANALYZER_NUMBER_OBJECT_CONVERSION = YES_AGGRESSIVE;
				CLANG_CXX_LANGUAGE_STANDARD = "gnu++20";
				CLANG_ENABLE_MODULES = YES;
				CLANG_ENABLE_OBJC_ARC = YES;
				CLANG_ENABLE_OBJC_WEAK = YES;
				CLANG_WARN_BLOCK_CAPTURE_AUTORELEASING = YES;
				CLANG_WARN_BOOL_CONVERSION = YES;
				CLANG_WARN_COMMA = YES;
				CLANG_WARN_CONSTANT_CONVERSION = YES;
				CLANG_WARN_DEPRECATED_OBJC_IMPLEMENTATIONS = YES;
				CLANG_WARN_DIRECT_OBJC_ISA_USAGE = YES_ERROR;
				CLANG_WARN_DOCUMENTATION_COMMENTS = YES;
				CLANG_WARN_EMPTY_BODY = YES;
				CLANG_WARN_ENUM_CONVERSION = YES;
				CLANG_WARN_INFINITE_RECURSION = YES;
				CLANG_WARN_INT_CONVERSION = YES;
				CLANG_WARN_NON_LITERAL_NULL_CONVERSION = YES;
				CLANG_WARN_OBJC_IMPLICIT_RETAIN_SELF = YES;
				CLANG_WARN_OBJC_LITERAL_CONVERSION = YES;
				CLANG_WARN_OBJC_ROOT_CLASS = YES_ERROR;
				CLANG_WARN_QUOTED_INCLUDE_IN_FRAMEWORK_HEADER = YES;
				CLANG_WARN_RANGE_LOOP_ANALYSIS = YES;
				CLANG_WARN_STRICT_PROTOTYPES = YES;
				CLANG_WARN_SUSPICIOUS_MOVE = YES;
				CLANG_WARN_UNGUARDED_AVAILABILITY = YES_AGGRESSIVE;
				CLANG_WARN_UNREACHABLE_CODE = YES;
				CLANG_WARN__DUPLICATE_METHOD_MATCH = YES;
				COPY_PHASE_STRIP = NO;
				DEBUG_INFORMATION_FORMAT = dwarf;
				ENABLE_STRICT_OBJC_MSGSEND = YES;
				ENABLE_TESTABILITY = YES;
				ENABLE_USER_SCRIPT_SANDBOXING = YES;
				GCC_C_LANGUAGE_STANDARD = gnu17;
				GCC_DYNAMIC_NO_PIC = NO;
				GCC_NO_COMMON_BLOCKS = YES;
				GCC_OPTIMIZATION_LEVEL = 0;
				GCC_PREPROCESSOR_DEFINITIONS = (
					"DEBUG=1",
					"$(inherited)",
				);
				GCC_WARN_64_TO_32_BIT_CONVERSION = YES;
				GCC_WARN_ABOUT_RETURN_TYPE = YES_ERROR;
				GCC_WARN_UNDECLARED_SELECTOR = YES;
				GCC_WARN_UNINITIALIZED_AUTOS = YES_AGGRESSIVE;
				GCC_WARN_UNUSED_FUNCTION = YES;
				GCC_WARN_UNUSED_VARIABLE = YES;
				IPHONEOS_DEPLOYMENT_TARGET = 17.2;
				LOCALIZATION_PREFERS_STRING_CATALOGS = YES;
				MTL_ENABLE_DEBUG_INFO = INCLUDE_SOURCE;
				MTL_FAST_MATH = YES;
				ONLY_ACTIVE_ARCH = YES;
				SDKROOT = iphoneos;
				SWIFT_ACTIVE_COMPILATION_CONDITIONS = "DEBUG $(inherited)";
				SWIFT_OPTIMIZATION_LEVEL = "-Onone";
			};
			name = Debug;
		};
		8AE83A532BC5A5CE0054E3D7 /* Release */ = {
			isa = XCBuildConfiguration;
			buildSettings = {
				ALWAYS_SEARCH_USER_PATHS = NO;
				ASSETCATALOG_COMPILER_GENERATE_SWIFT_ASSET_SYMBOL_EXTENSIONS = YES;
				CLANG_ANALYZER_NONNULL = YES;
				CLANG_ANALYZER_NUMBER_OBJECT_CONVERSION = YES_AGGRESSIVE;
				CLANG_CXX_LANGUAGE_STANDARD = "gnu++20";
				CLANG_ENABLE_MODULES = YES;
				CLANG_ENABLE_OBJC_ARC = YES;
				CLANG_ENABLE_OBJC_WEAK = YES;
				CLANG_WARN_BLOCK_CAPTURE_AUTORELEASING = YES;
				CLANG_WARN_BOOL_CONVERSION = YES;
				CLANG_WARN_COMMA = YES;
				CLANG_WARN_CONSTANT_CONVERSION = YES;
				CLANG_WARN_DEPRECATED_OBJC_IMPLEMENTATIONS = YES;
				CLANG_WARN_DIRECT_OBJC_ISA_USAGE = YES_ERROR;
				CLANG_WARN_DOCUMENTATION_COMMENTS = YES;
				CLANG_WARN_EMPTY_BODY = YES;
				CLANG_WARN_ENUM_CONVERSION = YES;
				CLANG_WARN_INFINITE_RECURSION = YES;
				CLANG_WARN_INT_CONVERSION = YES;
				CLANG_WARN_NON_LITERAL_NULL_CONVERSION = YES;
				CLANG_WARN_OBJC_IMPLICIT_RETAIN_SELF = YES;
				CLANG_WARN_OBJC_LITERAL_CONVERSION = YES;
				CLANG_WARN_OBJC_ROOT_CLASS = YES_ERROR;
				CLANG_WARN_QUOTED_INCLUDE_IN_FRAMEWORK_HEADER = YES;
				CLANG_WARN_RANGE_LOOP_ANALYSIS = YES;
				CLANG_WARN_STRICT_PROTOTYPES = YES;
				CLANG_WARN_SUSPICIOUS_MOVE = YES;
				CLANG_WARN_UNGUARDED_AVAILABILITY = YES_AGGRESSIVE;
				CLANG_WARN_UNREACHABLE_CODE = YES;
				CLANG_WARN__DUPLICATE_METHOD_MATCH = YES;
				COPY_PHASE_STRIP = NO;
				DEBUG_INFORMATION_FORMAT = "dwarf-with-dsym";
				ENABLE_NS_ASSERTIONS = NO;
				ENABLE_STRICT_OBJC_MSGSEND = YES;
				ENABLE_USER_SCRIPT_SANDBOXING = YES;
				GCC_C_LANGUAGE_STANDARD = gnu17;
				GCC_NO_COMMON_BLOCKS = YES;
				GCC_WARN_64_TO_32_BIT_CONVERSION = YES;
				GCC_WARN_ABOUT_RETURN_TYPE = YES_ERROR;
				GCC_WARN_UNDECLARED_SELECTOR = YES;
				GCC_WARN_UNINITIALIZED_AUTOS = YES_AGGRESSIVE;
				GCC_WARN_UNUSED_FUNCTION = YES;
				GCC_WARN_UNUSED_VARIABLE = YES;
				IPHONEOS_DEPLOYMENT_TARGET = 17.2;
				LOCALIZATION_PREFERS_STRING_CATALOGS = YES;
				MTL_ENABLE_DEBUG_INFO = NO;
				MTL_FAST_MATH = YES;
				SDKROOT = iphoneos;
				SWIFT_COMPILATION_MODE = wholemodule;
				VALIDATE_PRODUCT = YES;
			};
			name = Release;
		};
		8AE83A552BC5A5CE0054E3D7 /* Debug */ = {
			isa = XCBuildConfiguration;
			buildSettings = {
				ASSETCATALOG_COMPILER_APPICON_NAME = AppIcon;
				ASSETCATALOG_COMPILER_GLOBAL_ACCENT_COLOR_NAME = AccentColor;
				CODE_SIGN_STYLE = Automatic;
				CURRENT_PROJECT_VERSION = 1;
				GENERATE_INFOPLIST_FILE = YES;
				INFOPLIST_FILE = "catch-the-kenny/Info.plist";
				INFOPLIST_KEY_UIApplicationSupportsIndirectInputEvents = YES;
				INFOPLIST_KEY_UILaunchStoryboardName = LaunchScreen;
				INFOPLIST_KEY_UIMainStoryboardFile = Main;
				INFOPLIST_KEY_UISupportedInterfaceOrientations_iPad = "UIInterfaceOrientationPortrait UIInterfaceOrientationPortraitUpsideDown UIInterfaceOrientationLandscapeLeft UIInterfaceOrientationLandscapeRight";
				INFOPLIST_KEY_UISupportedInterfaceOrientations_iPhone = "UIInterfaceOrientationPortrait UIInterfaceOrientationLandscapeLeft UIInterfaceOrientationLandscapeRight";
				LD_RUNPATH_SEARCH_PATHS = (
					"$(inherited)",
					"@executable_path/Frameworks",
				);
				MARKETING_VERSION = 1.0;
				PRODUCT_BUNDLE_IDENTIFIER = "SaxoBanana-inc.catch-the-kenny";
				PRODUCT_NAME = "$(TARGET_NAME)";
				SWIFT_EMIT_LOC_STRINGS = YES;
				SWIFT_VERSION = 5.0;
				TARGETED_DEVICE_FAMILY = "1,2";
			};
			name = Debug;
		};
		8AE83A562BC5A5CE0054E3D7 /* Release */ = {
			isa = XCBuildConfiguration;
			buildSettings = {
				ASSETCATALOG_COMPILER_APPICON_NAME = AppIcon;
				ASSETCATALOG_COMPILER_GLOBAL_ACCENT_COLOR_NAME = AccentColor;
				CODE_SIGN_STYLE = Automatic;
				CURRENT_PROJECT_VERSION = 1;
				GENERATE_INFOPLIST_FILE = YES;
				INFOPLIST_FILE = "catch-the-kenny/Info.plist";
				INFOPLIST_KEY_UIApplicationSupportsIndirectInputEvents = YES;
				INFOPLIST_KEY_UILaunchStoryboardName = LaunchScreen;
				INFOPLIST_KEY_UIMainStoryboardFile = Main;
				INFOPLIST_KEY_UISupportedInterfaceOrientations_iPad = "UIInterfaceOrientationPortrait UIInterfaceOrientationPortraitUpsideDown UIInterfaceOrientationLandscapeLeft UIInterfaceOrientationLandscapeRight";
				INFOPLIST_KEY_UISupportedInterfaceOrientations_iPhone = "UIInterfaceOrientationPortrait UIInterfaceOrientationLandscapeLeft UIInterfaceOrientationLandscapeRight";
				LD_RUNPATH_SEARCH_PATHS = (
					"$(inherited)",
					"@executable_path/Frameworks",
				);
				MARKETING_VERSION = 1.0;
				PRODUCT_BUNDLE_IDENTIFIER = "SaxoBanana-inc.catch-the-kenny";
				PRODUCT_NAME = "$(TARGET_NAME)";
				SWIFT_EMIT_LOC_STRINGS = YES;
				SWIFT_VERSION = 5.0;
				TARGETED_DEVICE_FAMILY = "1,2";
			};
			name = Release;
		};
		8AE83A582BC5A5CE0054E3D7 /* Debug */ = {
			isa = XCBuildConfiguration;
			buildSettings = {
				ALWAYS_EMBED_SWIFT_STANDARD_LIBRARIES = YES;
				BUNDLE_LOADER = "$(TEST_HOST)";
				CODE_SIGN_STYLE = Automatic;
				CURRENT_PROJECT_VERSION = 1;
				GENERATE_INFOPLIST_FILE = YES;
				IPHONEOS_DEPLOYMENT_TARGET = 17.2;
				MARKETING_VERSION = 1.0;
				PRODUCT_BUNDLE_IDENTIFIER = "SaxoBanana-inc.catch-the-kennyTests";
				PRODUCT_NAME = "$(TARGET_NAME)";
				SWIFT_EMIT_LOC_STRINGS = NO;
				SWIFT_VERSION = 5.0;
				TARGETED_DEVICE_FAMILY = "1,2";
				TEST_HOST = "$(BUILT_PRODUCTS_DIR)/catch-the-kenny.app/$(BUNDLE_EXECUTABLE_FOLDER_PATH)/catch-the-kenny";
			};
			name = Debug;
		};
		8AE83A592BC5A5CE0054E3D7 /* Release */ = {
			isa = XCBuildConfiguration;
			buildSettings = {
				ALWAYS_EMBED_SWIFT_STANDARD_LIBRARIES = YES;
				BUNDLE_LOADER = "$(TEST_HOST)";
				CODE_SIGN_STYLE = Automatic;
				CURRENT_PROJECT_VERSION = 1;
				GENERATE_INFOPLIST_FILE = YES;
				IPHONEOS_DEPLOYMENT_TARGET = 17.2;
				MARKETING_VERSION = 1.0;
				PRODUCT_BUNDLE_IDENTIFIER = "SaxoBanana-inc.catch-the-kennyTests";
				PRODUCT_NAME = "$(TARGET_NAME)";
				SWIFT_EMIT_LOC_STRINGS = NO;
				SWIFT_VERSION = 5.0;
				TARGETED_DEVICE_FAMILY = "1,2";
				TEST_HOST = "$(BUILT_PRODUCTS_DIR)/catch-the-kenny.app/$(BUNDLE_EXECUTABLE_FOLDER_PATH)/catch-the-kenny";
			};
			name = Release;
		};
		8AE83A5B2BC5A5CE0054E3D7 /* Debug */ = {
			isa = XCBuildConfiguration;
			buildSettings = {
				ALWAYS_EMBED_SWIFT_STANDARD_LIBRARIES = YES;
				CODE_SIGN_STYLE = Automatic;
				CURRENT_PROJECT_VERSION = 1;
				GENERATE_INFOPLIST_FILE = YES;
				MARKETING_VERSION = 1.0;
				PRODUCT_BUNDLE_IDENTIFIER = "SaxoBanana-inc.catch-the-kennyUITests";
				PRODUCT_NAME = "$(TARGET_NAME)";
				SWIFT_EMIT_LOC_STRINGS = NO;
				SWIFT_VERSION = 5.0;
				TARGETED_DEVICE_FAMILY = "1,2";
				TEST_TARGET_NAME = "catch-the-kenny";
			};
			name = Debug;
		};
		8AE83A5C2BC5A5CE0054E3D7 /* Release */ = {
			isa = XCBuildConfiguration;
			buildSettings = {
				ALWAYS_EMBED_SWIFT_STANDARD_LIBRARIES = YES;
				CODE_SIGN_STYLE = Automatic;
				CURRENT_PROJECT_VERSION = 1;
				GENERATE_INFOPLIST_FILE = YES;
				MARKETING_VERSION = 1.0;
				PRODUCT_BUNDLE_IDENTIFIER = "SaxoBanana-inc.catch-the-kennyUITests";
				PRODUCT_NAME = "$(TARGET_NAME)";
				SWIFT_EMIT_LOC_STRINGS = NO;
				SWIFT_VERSION = 5.0;
				TARGETED_DEVICE_FAMILY = "1,2";
				TEST_TARGET_NAME = "catch-the-kenny";
			};
			name = Release;
		};
/* End XCBuildConfiguration section */

/* Begin XCConfigurationList section */
		8AE83A252BC5A5CD0054E3D7 /* Build configuration list for PBXProject "catch-the-kenny" */ = {
			isa = XCConfigurationList;
			buildConfigurations = (
				8AE83A522BC5A5CE0054E3D7 /* Debug */,
				8AE83A532BC5A5CE0054E3D7 /* Release */,
			);
			defaultConfigurationIsVisible = 0;
			defaultConfigurationName = Release;
		};
		8AE83A542BC5A5CE0054E3D7 /* Build configuration list for PBXNativeTarget "catch-the-kenny" */ = {
			isa = XCConfigurationList;
			buildConfigurations = (
				8AE83A552BC5A5CE0054E3D7 /* Debug */,
				8AE83A562BC5A5CE0054E3D7 /* Release */,
			);
			defaultConfigurationIsVisible = 0;
			defaultConfigurationName = Release;
		};
		8AE83A572BC5A5CE0054E3D7 /* Build configuration list for PBXNativeTarget "catch-the-kennyTests" */ = {
			isa = XCConfigurationList;
			buildConfigurations = (
				8AE83A582BC5A5CE0054E3D7 /* Debug */,
				8AE83A592BC5A5CE0054E3D7 /* Release */,
			);
			defaultConfigurationIsVisible = 0;
			defaultConfigurationName = Release;
		};
		8AE83A5A2BC5A5CE0054E3D7 /* Build configuration list for PBXNativeTarget "catch-the-kennyUITests" */ = {
			isa = XCConfigurationList;
			buildConfigurations = (
				8AE83A5B2BC5A5CE0054E3D7 /* Debug */,
				8AE83A5C2BC5A5CE0054E3D7 /* Release */,
			);
			defaultConfigurationIsVisible = 0;
			defaultConfigurationName = Release;
		};
/* End XCConfigurationList section */
	};
	rootObject = 8AE83A222BC5A5CD0054E3D7 /* Project object */;
}
